
Microsoft Visual Studio Solution File, Format Version 12.00
# Visual Studio 14
VisualStudioVersion = 14.0.23107.0
MinimumVisualStudioVersion = 10.0.40219.1
Project("{FAE04EC0-301F-11D3-BF4B-00C04F79EFBC}") = "WarmUpsConditionals", "WarmUpsConditionals\WarmUpsConditionals.csproj", "{F04E670E-9514-42D5-9157-DA660DEA2CC3}"
EndProject
Project("{FAE04EC0-301F-11D3-BF4B-00C04F79EFBC}") = "WarmUpsConditionalsTests", "WarmUpsConditionalsTests\WarmUpsConditionalsTests.csproj", "{B697DB97-B96A-4237-AEF6-E29E50CA801D}"
EndProject
Global
	GlobalSection(SolutionConfigurationPlatforms) = preSolution
		Debug|Any CPU = Debug|Any CPU
		Release|Any CPU = Release|Any CPU
	EndGlobalSection
	GlobalSection(ProjectConfigurationPlatforms) = postSolution
		{F04E670E-9514-42D5-9157-DA660DEA2CC3}.Debug|Any CPU.ActiveCfg = Debug|Any CPU
		{F04E670E-9514-42D5-9157-DA660DEA2CC3}.Debug|Any CPU.Build.0 = Debug|Any CPU
		{F04E670E-9514-42D5-9157-DA660DEA2CC3}.Release|Any CPU.ActiveCfg = Release|Any CPU
		{F04E670E-9514-42D5-9157-DA660DEA2CC3}.Release|Any CPU.Build.0 = Release|Any CPU
		{B697DB97-B96A-4237-AEF6-E29E50CA801D}.Debug|Any CPU.ActiveCfg = Debug|Any CPU
		{B697DB97-B96A-4237-AEF6-E29E50CA801D}.Debug|Any CPU.Build.0 = Debug|Any CPU
		{B697DB97-B96A-4237-AEF6-E29E50CA801D}.Release|Any CPU.ActiveCfg = Release|Any CPU
		{B697DB97-B96A-4237-AEF6-E29E50CA801D}.Release|Any CPU.Build.0 = Release|Any CPU
	EndGlobalSection
	GlobalSection(SolutionProperties) = preSolution
		HideSolutionNode = FALSE
	EndGlobalSection
EndGlobal
